
Microsoft Visual Studio Solution File, Format Version 12.00
# Visual Studio 15
VisualStudioVersion = 15.0.28010.2003
MinimumVisualStudioVersion = 10.0.40219.1
Project("{FAE04EC0-301F-11D3-BF4B-00C04F79EFBC}") = "WPFUI", "WPFUI\WPFUI.csproj", "{4A6C68B0-DD70-4629-9CFA-00B69CA5B2BC}"
EndProject
Project("{FAE04EC0-301F-11D3-BF4B-00C04F79EFBC}") = "Engine", "Engine\Engine.csproj", "{55624066-8849-4C11-94E8-7EBE47AD529C}"
EndProject
Project("{FAE04EC0-301F-11D3-BF4B-00C04F79EFBC}") = "TestEngine", "TestEngine\TestEngine.csproj", "{6C819A65-7794-42B6-B522-B0990CAC846F}"
EndProject
Global
	GlobalSection(SolutionConfigurationPlatforms) = preSolution
		Debug|Any CPU = Debug|Any CPU
		Release|Any CPU = Release|Any CPU
	EndGlobalSection
	GlobalSection(ProjectConfigurationPlatforms) = postSolution
		{4A6C68B0-DD70-4629-9CFA-00B69CA5B2BC}.Debug|Any CPU.ActiveCfg = Debug|Any CPU
		{4A6C68B0-DD70-4629-9CFA-00B69CA5B2BC}.Debug|Any CPU.Build.0 = Debug|Any CPU
		{4A6C68B0-DD70-4629-9CFA-00B69CA5B2BC}.Release|Any CPU.ActiveCfg = Release|Any CPU
		{4A6C68B0-DD70-4629-9CFA-00B69CA5B2BC}.Release|Any CPU.Build.0 = Release|Any CPU
		{55624066-8849-4C11-94E8-7EBE47AD529C}.Debug|Any CPU.ActiveCfg = Debug|Any CPU
		{55624066-8849-4C11-94E8-7EBE47AD529C}.Debug|Any CPU.Build.0 = Debug|Any CPU
		{55624066-8849-4C11-94E8-7EBE47AD529C}.Release|Any CPU.ActiveCfg = Release|Any CPU
		{55624066-8849-4C11-94E8-7EBE47AD529C}.Release|Any CPU.Build.0 = Release|Any CPU
		{6C819A65-7794-42B6-B522-B0990CAC846F}.Debug|Any CPU.ActiveCfg = Debug|Any CPU
		{6C819A65-7794-42B6-B522-B0990CAC846F}.Debug|Any CPU.Build.0 = Debug|Any CPU
		{6C819A65-7794-42B6-B522-B0990CAC846F}.Release|Any CPU.ActiveCfg = Release|Any CPU
		{6C819A65-7794-42B6-B522-B0990CAC846F}.Release|Any CPU.Build.0 = Release|Any CPU
	EndGlobalSection
	GlobalSection(SolutionProperties) = preSolution
		HideSolutionNode = FALSE
	EndGlobalSection
	GlobalSection(ExtensibilityGlobals) = postSolution
		SolutionGuid = {5C90A3FB-011F-4BBE-9863-E851087F7BF5}
	EndGlobalSection
EndGlobal
